
Microsoft Visual Studio Solution File, Format Version 12.00
# Visual Studio 14
VisualStudioVersion = 14.0.25420.1
MinimumVisualStudioVersion = 10.0.40219.1
Project("{FAE04EC0-301F-11D3-BF4B-00C04F79EFBC}") = "DungeonRaider", "DungeonRaider\DungeonRaider.csproj", "{DAF0D025-47E1-46B4-AD67-D1043D9C329F}"
EndProject
Project("{FAE04EC0-301F-11D3-BF4B-00C04F79EFBC}") = "DungeonRaider.BuisnessLogic", "DungeonRaider.BuisnessLogic\DungeonRaider.BuisnessLogic.csproj", "{DAF07C07-D8FB-4502-9887-25334D25F7EB}"
EndProject
Project("{FAE04EC0-301F-11D3-BF4B-00C04F79EFBC}") = "DungeonRaider.IconSelector", "DungeonRaider.IconSelector\DungeonRaider.IconSelector.csproj", "{BD3F4673-B074-4385-B7AF-3C675E908BB4}"
EndProject
Project("{FAE04EC0-301F-11D3-BF4B-00C04F79EFBC}") = "DungeonRaider.FightSimulator", "DungeonRaider.FightSimulator\DungeonRaider.FightSimulator.csproj", "{5EDF18B2-7FC5-46C8-A2E8-68F300F6BE04}"
EndProject
Project("{FAE04EC0-301F-11D3-BF4B-00C04F79EFBC}") = "DungeonRaider.StatGenerator", "DungeonRaider.StatGenerator\DungeonRaider.StatGenerator.csproj", "{97545897-5615-496D-AFC8-247E3A50FEE8}"
EndProject
Project("{FAE04EC0-301F-11D3-BF4B-00C04F79EFBC}") = "DungeonRaider.Utils.Math", "DungeonRaider.Utils.Math\DungeonRaider.Utils.Math.csproj", "{E1A0AB1F-2844-493A-A2C3-5CBBE240163F}"
EndProject
Project("{FAE04EC0-301F-11D3-BF4B-00C04F79EFBC}") = "DungeonRaider.ItemBuilder", "DungeonRaider.ItemBuilder\DungeonRaider.ItemBuilder.csproj", "{7E1C601A-E6A3-4977-8EB8-992E8ED14572}"
EndProject
Project("{FAE04EC0-301F-11D3-BF4B-00C04F79EFBC}") = "DungeonRaider.Types", "DungeonRaider.Types\DungeonRaider.Types.csproj", "{67BB59A1-AF3B-4909-9677-399D2F5F1B81}"
EndProject
Global
	GlobalSection(SolutionConfigurationPlatforms) = preSolution
		Debug|Any CPU = Debug|Any CPU
		Release|Any CPU = Release|Any CPU
	EndGlobalSection
	GlobalSection(ProjectConfigurationPlatforms) = postSolution
		{DAF0D025-47E1-46B4-AD67-D1043D9C329F}.Debug|Any CPU.ActiveCfg = Debug|Any CPU
		{DAF0D025-47E1-46B4-AD67-D1043D9C329F}.Debug|Any CPU.Build.0 = Debug|Any CPU
		{DAF0D025-47E1-46B4-AD67-D1043D9C329F}.Release|Any CPU.ActiveCfg = Release|Any CPU
		{DAF0D025-47E1-46B4-AD67-D1043D9C329F}.Release|Any CPU.Build.0 = Release|Any CPU
		{DAF07C07-D8FB-4502-9887-25334D25F7EB}.Debug|Any CPU.ActiveCfg = Debug|Any CPU
		{DAF07C07-D8FB-4502-9887-25334D25F7EB}.Debug|Any CPU.Build.0 = Debug|Any CPU
		{DAF07C07-D8FB-4502-9887-25334D25F7EB}.Release|Any CPU.ActiveCfg = Release|Any CPU
		{DAF07C07-D8FB-4502-9887-25334D25F7EB}.Release|Any CPU.Build.0 = Release|Any CPU
		{BD3F4673-B074-4385-B7AF-3C675E908BB4}.Debug|Any CPU.ActiveCfg = Debug|Any CPU
		{BD3F4673-B074-4385-B7AF-3C675E908BB4}.Debug|Any CPU.Build.0 = Debug|Any CPU
		{BD3F4673-B074-4385-B7AF-3C675E908BB4}.Release|Any CPU.ActiveCfg = Release|Any CPU
		{BD3F4673-B074-4385-B7AF-3C675E908BB4}.Release|Any CPU.Build.0 = Release|Any CPU
		{5EDF18B2-7FC5-46C8-A2E8-68F300F6BE04}.Debug|Any CPU.ActiveCfg = Debug|Any CPU
		{5EDF18B2-7FC5-46C8-A2E8-68F300F6BE04}.Debug|Any CPU.Build.0 = Debug|Any CPU
		{5EDF18B2-7FC5-46C8-A2E8-68F300F6BE04}.Release|Any CPU.ActiveCfg = Release|Any CPU
		{5EDF18B2-7FC5-46C8-A2E8-68F300F6BE04}.Release|Any CPU.Build.0 = Release|Any CPU
		{97545897-5615-496D-AFC8-247E3A50FEE8}.Debug|Any CPU.ActiveCfg = Debug|Any CPU
		{97545897-5615-496D-AFC8-247E3A50FEE8}.Debug|Any CPU.Build.0 = Debug|Any CPU
		{97545897-5615-496D-AFC8-247E3A50FEE8}.Release|Any CPU.ActiveCfg = Release|Any CPU
		{97545897-5615-496D-AFC8-247E3A50FEE8}.Release|Any CPU.Build.0 = Release|Any CPU
		{E1A0AB1F-2844-493A-A2C3-5CBBE240163F}.Debug|Any CPU.ActiveCfg = Debug|Any CPU
		{E1A0AB1F-2844-493A-A2C3-5CBBE240163F}.Debug|Any CPU.Build.0 = Debug|Any CPU
		{E1A0AB1F-2844-493A-A2C3-5CBBE240163F}.Release|Any CPU.ActiveCfg = Release|Any CPU
		{E1A0AB1F-2844-493A-A2C3-5CBBE240163F}.Release|Any CPU.Build.0 = Release|Any CPU
		{7E1C601A-E6A3-4977-8EB8-992E8ED14572}.Debug|Any CPU.ActiveCfg = Debug|Any CPU
		{7E1C601A-E6A3-4977-8EB8-992E8ED14572}.Debug|Any CPU.Build.0 = Debug|Any CPU
		{7E1C601A-E6A3-4977-8EB8-992E8ED14572}.Release|Any CPU.ActiveCfg = Release|Any CPU
		{7E1C601A-E6A3-4977-8EB8-992E8ED14572}.Release|Any CPU.Build.0 = Release|Any CPU
		{67BB59A1-AF3B-4909-9677-399D2F5F1B81}.Debug|Any CPU.ActiveCfg = Debug|Any CPU
		{67BB59A1-AF3B-4909-9677-399D2F5F1B81}.Debug|Any CPU.Build.0 = Debug|Any CPU
		{67BB59A1-AF3B-4909-9677-399D2F5F1B81}.Release|Any CPU.ActiveCfg = Release|Any CPU
		{67BB59A1-AF3B-4909-9677-399D2F5F1B81}.Release|Any CPU.Build.0 = Release|Any CPU
	EndGlobalSection
	GlobalSection(SolutionProperties) = preSolution
		HideSolutionNode = FALSE
	EndGlobalSection
EndGlobal
